// !$*UTF8*$!
{
	archiveVersion = 1;
	classes = {
	};
	objectVersion = 77;
	objects = {

/* Begin PBXContainerItemProxy section */
		0AB780EF2FA71FA000A32029 /* PBXContainerItemProxy */ = {
			isa = PBXContainerItemProxy;
			containerPortal = 0AB780D92FA71F9F00A32029 /* Project object */;
			proxyType = 1;
			remoteGlobalIDString = 0AB780E02FA71F9F00A32029;
			remoteInfo = VoiceClicker;
		};
		0AB780F92FA71FA000A32029 /* PBXContainerItemProxy */ = {
			isa = PBXContainerItemProxy;
			containerPortal = 0AB780D92FA71F9F00A32029 /* Project object */;
			proxyType = 1;
			remoteGlobalIDString = 0AB780E02FA71F9F00A32029;
			remoteInfo = VoiceClicker;
		};
/* End PBXContainerItemProxy section */

/* Begin PBXFileReference section */
		0AB780E12FA71F9F00A32029 /* VoiceClicker.app */ = {isa = PBXFileReference; explicitFileType = wrapper.application; includeInIndex = 0; path = VoiceClicker.app; sourceTree = BUILT_PRODUCTS_DIR; };
		0AB780EE2FA71FA000A32029 /* VoiceClickerTests.xctest */ = {isa = PBXFileReference; explicitFileType = wrapper.cfbundle; includeInIndex = 0; path = VoiceClickerTests.xctest; sourceTree = BUILT_PRODUCTS_DIR; };
		0AB780F82FA71FA000A32029 /* VoiceClickerUITests.xctest */ = {isa = PBXFileReference; explicitFileType = wrapper.cfbundle; includeInIndex = 0; path = VoiceClickerUITests.xctest; sourceTree = BUILT_PRODUCTS_DIR; };
/* End PBXFileReference section */

/* Begin PBXFileSystemSynchronizedRootGroup section */
		0AB780E32FA71F9F00A32029 /* VoiceClicker */ = {
			isa = PBXFileSystemSynchronizedRootGroup;
			path = VoiceClicker;
			sourceTree = "<group>";
		};
		0AB780F12FA71FA000A32029 /* VoiceClickerTests */ = {
			isa = PBXFileSystemSynchronizedRootGroup;
			path = VoiceClickerTests;
			sourceTree = "<group>";
		};
		0AB780FB2FA71FA000A32029 /* VoiceClickerUITests */ = {
			isa = PBXFileSystemSynchronizedRootGroup;
			path = VoiceClickerUITests;
			sourceTree = "<group>";
		};
/* End PBXFileSystemSynchronizedRootGroup section */

/* Begin PBXFrameworksBuildPhase section */
		0AB780DE2FA71F9F00A32029 /* Frameworks */ = {
			isa = PBXFrameworksBuildPhase;
			buildActionMask = 2147483647;
			files = (
			);
			runOnlyForDeploymentPostprocessing = 0;
		};
		0AB780EB2FA71FA000A32029 /* Frameworks */ = {
			isa = PBXFrameworksBuildPhase;
			buildActionMask = 2147483647;
			files = (
			);
			runOnlyForDeploymentPostprocessing = 0;
		};
		0AB780F52FA71FA000A32029 /* Frameworks */ = {
			isa = PBXFrameworksBuildPhase;
			buildActionMask = 2147483647;
			files = (
			);
			runOnlyForDeploymentPostprocessing = 0;
		};
/* End PBXFrameworksBuildPhase section */

/* Begin PBXGroup section */
		0AB780D82FA71F9F00A32029 = {
			isa = PBXGroup;
			children = (
				0AB780E32FA71F9F00A32029 /* VoiceClicker */,
				0AB780F12FA71FA000A32029 /* VoiceClickerTests */,
				0AB780FB2FA71FA000A32029 /* VoiceClickerUITests */,
				0AB780E22FA71F9F00A32029 /* Products */,
			);
			sourceTree = "<group>";
		};
		0AB780E22FA71F9F00A32029 /* Products */ = {
			isa = PBXGroup;
			children = (
				0AB780E12FA71F9F00A32029 /* VoiceClicker.app */,
				0AB780EE2FA71FA000A32029 /* VoiceClickerTests.xctest */,
				0AB780F82FA71FA000A32029 /* VoiceClickerUITests.xctest */,
			);
			name = Products;
			sourceTree = "<group>";
		};
/* End PBXGroup section */

/* Begin PBXNativeTarget section */
		0AB780E02FA71F9F00A32029 /* VoiceClicker */ = {
			isa = PBXNativeTarget;
			buildConfigurationList = 0AB781022FA71FA000A32029 /* Build configuration list for PBXNativeTarget "VoiceClicker" */;
			buildPhases = (
				0AB780DD2FA71F9F00A32029 /* Sources */,
				0AB780DE2FA71F9F00A32029 /* Frameworks */,
				0AB780DF2FA71F9F00A32029 /* Resources */,
			);
			buildRules = (
			);
			dependencies = (
			);
			fileSystemSynchronizedGroups = (
				0AB780E32FA71F9F00A32029 /* VoiceClicker */,
			);
			name = VoiceClicker;
			packageProductDependencies = (
			);
			productName = VoiceClicker;
			productReference = 0AB780E12FA71F9F00A32029 /* VoiceClicker.app */;
			productType = "com.apple.product-type.application";
		};
		0AB780ED2FA71FA000A32029 /* VoiceClickerTests */ = {
			isa = PBXNativeTarget;
			buildConfigurationList = 0AB781052FA71FA000A32029 /* Build configuration list for PBXNativeTarget "VoiceClickerTests" */;
			buildPhases = (
				0AB780EA2FA71FA000A32029 /* Sources */,
				0AB780EB2FA71FA000A32029 /* Frameworks */,
				0AB780EC2FA71FA000A32029 /* Resources */,
			);
			buildRules = (
			);
			dependencies = (
				0AB780F02FA71FA000A32029 /* PBXTargetDependency */,
			);
			fileSystemSynchronizedGroups = (
				0AB780F12FA71FA000A32029 /* VoiceClickerTests */,
			);
			name = VoiceClickerTests;
			packageProductDependencies = (
			);
			productName = VoiceClickerTests;
			productReference = 0AB780EE2FA71FA000A32029 /* VoiceClickerTests.xctest */;
			productType = "com.apple.product-type.bundle.unit-test";
		};
		0AB780F72FA71FA000A32029 /* VoiceClickerUITests */ = {
			isa = PBXNativeTarget;
			buildConfigurationList = 0AB781082FA71FA000A32029 /* Build configuration list for PBXNativeTarget "VoiceClickerUITests" */;
			buildPhases = (
				0AB780F42FA71FA000A32029 /* Sources */,
				0AB780F52FA71FA000A32029 /* Frameworks */,
				0AB780F62FA71FA000A32029 /* Resources */,
			);
			buildRules = (
			);
			dependencies = (
				0AB780FA2FA71FA000A32029 /* PBXTargetDependency */,
			);
			fileSystemSynchronizedGroups = (
				0AB780FB2FA71FA000A32029 /* VoiceClickerUITests */,
			);
			name = VoiceClickerUITests;
			packageProductDependencies = (
			);
			productName = VoiceClickerUITests;
			productReference = 0AB780F82FA71FA000A32029 /* VoiceClickerUITests.xctest */;
			productType = "com.apple.product-type.bundle.ui-testing";
		};
/* End PBXNativeTarget section */

/* Begin PBXProject section */
		0AB780D92FA71F9F00A32029 /* Project object */ = {
			isa = PBXProject;
			attributes = {
				BuildIndependentTargetsInParallel = 1;
				LastSwiftUpdateCheck = 2620;
				LastUpgradeCheck = 2620;
				TargetAttributes = {
					0AB780E02FA71F9F00A32029 = {
						CreatedOnToolsVersion = 26.2;
					};
					0AB780ED2FA71FA000A32029 = {
						CreatedOnToolsVersion = 26.2;
						TestTargetID = 0AB780E02FA71F9F00A32029;
					};
					0AB780F72FA71FA000A32029 = {
						CreatedOnToolsVersion = 26.2;
						TestTargetID = 0AB780E02FA71F9F00A32029;
					};
				};
			};
			buildConfigurationList = 0AB780DC2FA71F9F00A32029 /* Build configuration list for PBXProject "VoiceClicker" */;
			developmentRegion = en;
			hasScannedForEncodings = 0;
			knownRegions = (
				en,
				Base,
			);
			mainGroup = 0AB780D82FA71F9F00A32029;
			minimizedProjectReferenceProxies = 1;
			preferredProjectObjectVersion = 77;
			productRefGroup = 0AB780E22FA71F9F00A32029 /* Products */;
			projectDirPath = "";
			projectRoot = "";
			targets = (
				0AB780E02FA71F9F00A32029 /* VoiceClicker */,
				0AB780ED2FA71FA000A32029 /* VoiceClickerTests */,
				0AB780F72FA71FA000A32029 /* VoiceClickerUITests */,
			);
		};
/* End PBXProject section */

/* Begin PBXResourcesBuildPhase section */
		0AB780DF2FA71F9F00A32029 /* Resources */ = {
			isa = PBXResourcesBuildPhase;
			buildActionMask = 2147483647;
			files = (
			);
			runOnlyForDeploymentPostprocessing = 0;
		};
		0AB780EC2FA71FA000A32029 /* Resources */ = {
			isa = PBXResourcesBuildPhase;
			buildActionMask = 2147483647;
			files = (
			);
			runOnlyForDeploymentPostprocessing = 0;
		};
		0AB780F62FA71FA000A32029 /* Resources */ = {
			isa = PBXResourcesBuildPhase;
			buildActionMask = 2147483647;
			files = (
			);
			runOnlyForDeploymentPostprocessing = 0;
		};
/* End PBXResourcesBuildPhase section */

/* Begin PBXSourcesBuildPhase section */
		0AB780DD2FA71F9F00A32029 /* Sources */ = {
			isa = PBXSourcesBuildPhase;
			buildActionMask = 2147483647;
			files = (
			);
			runOnlyForDeploymentPostprocessing = 0;
		};
		0AB780EA2FA71FA000A32029 /* Sources */ = {
			isa = PBXSourcesBuildPhase;
			buildActionMask = 2147483647;
			files = (
			);
			runOnlyForDeploymentPostprocessing = 0;
		};
		0AB780F42FA71FA000A32029 /* Sources */ = {
			isa = PBXSourcesBuildPhase;
			buildActionMask = 2147483647;
			files = (
			);
			runOnlyForDeploymentPostprocessing = 0;
		};
/* End PBXSourcesBuildPhase section */

/* Begin PBXTargetDependency section */
		0AB780F02FA71FA000A32029 /* PBXTargetDependency */ = {
			isa = PBXTargetDependency;
			target = 0AB780E02FA71F9F00A32029 /* VoiceClicker */;
			targetProxy = 0AB780EF2FA71FA000A32029 /* PBXContainerItemProxy */;
		};
		0AB780FA2FA71FA000A32029 /* PBXTargetDependency */ = {
			isa = PBXTargetDependency;
			target = 0AB780E02FA71F9F00A32029 /* VoiceClicker */;
			targetProxy = 0AB780F92FA71FA000A32029 /* PBXContainerItemProxy */;
		};
/* End PBXTargetDependency section */

/* Begin XCBuildConfiguration section */
		0AB781002FA71FA000A32029 /* Debug */ = {
			isa = XCBuildConfiguration;
			buildSettings = {
				ALWAYS_SEARCH_USER_PATHS = NO;
				ASSETCATALOG_COMPILER_GENERATE_SWIFT_ASSET_SYMBOL_EXTENSIONS = YES;
				CLANG_ANALYZER_NONNULL = YES;
				CLANG_ANALYZER_NUMBER_OBJECT_CONVERSION = YES_AGGRESSIVE;
				CLANG_CXX_LANGUAGE_STANDARD = "gnu++20";
				CLANG_ENABLE_MODULES = YES;
				CLANG_ENABLE_OBJC_ARC = YES;
				CLANG_ENABLE_OBJC_WEAK = YES;
				CLANG_WARN_BLOCK_CAPTURE_AUTORELEASING = YES;
				CLANG_WARN_BOOL_CONVERSION = YES;
				CLANG_WARN_COMMA = YES;
				CLANG_WARN_CONSTANT_CONVERSION = YES;
				CLANG_WARN_DEPRECATED_OBJC_IMPLEMENTATIONS = YES;
				CLANG_WARN_DIRECT_OBJC_ISA_USAGE = YES_ERROR;
				CLANG_WARN_DOCUMENTATION_COMMENTS = YES;
				CLANG_WARN_EMPTY_BODY = YES;
				CLANG_WARN_ENUM_CONVERSION = YES;
				CLANG_WARN_INFINITE_RECURSION = YES;
				CLANG_WARN_INT_CONVERSION = YES;
				CLANG_WARN_NON_LITERAL_NULL_CONVERSION = YES;
				CLANG_WARN_OBJC_IMPLICIT_RETAIN_SELF = YES;
				CLANG_WARN_OBJC_LITERAL_CONVERSION = YES;
				CLANG_WARN_OBJC_ROOT_CLASS = YES_ERROR;
				CLANG_WARN_QUOTED_INCLUDE_IN_FRAMEWORK_HEADER = YES;
				CLANG_WARN_RANGE_LOOP_ANALYSIS = YES;
				CLANG_WARN_STRICT_PROTOTYPES = YES;
				CLANG_WARN_SUSPICIOUS_MOVE = YES;
				CLANG_WARN_UNGUARDED_AVAILABILITY = YES_AGGRESSIVE;
				CLANG_WARN_UNREACHABLE_CODE = YES;
				CLANG_WARN__DUPLICATE_METHOD_MATCH = YES;
				COPY_PHASE_STRIP = NO;
				DEBUG_INFORMATION_FORMAT = dwarf;
				ENABLE_STRICT_OBJC_MSGSEND = YES;
				ENABLE_TESTABILITY = YES;
				ENABLE_USER_SCRIPT_SANDBOXING = YES;
				GCC_C_LANGUAGE_STANDARD = gnu17;
				GCC_DYNAMIC_NO_PIC = NO;
				GCC_NO_COMMON_BLOCKS = YES;
				GCC_OPTIMIZATION_LEVEL = 0;
				GCC_PREPROCESSOR_DEFINITIONS = (
					"DEBUG=1",
					"$(inherited)",
				);
				GCC_WARN_64_TO_32_BIT_CONVERSION = YES;
				GCC_WARN_ABOUT_RETURN_TYPE = YES_ERROR;
				GCC_WARN_UNDECLARED_SELECTOR = YES;
				GCC_WARN_UNINITIALIZED_AUTOS = YES_AGGRESSIVE;
				GCC_WARN_UNUSED_FUNCTION = YES;
				GCC_WARN_UNUSED_VARIABLE = YES;
				LOCALIZATION_PREFERS_STRING_CATALOGS = YES;
				MACOSX_DEPLOYMENT_TARGET = 26.2;
				MTL_ENABLE_DEBUG_INFO = INCLUDE_SOURCE;
				MTL_FAST_MATH = YES;
				ONLY_ACTIVE_ARCH = YES;
				SDKROOT = macosx;
				SWIFT_ACTIVE_COMPILATION_CONDITIONS = "DEBUG $(inherited)";
				SWIFT_OPTIMIZATION_LEVEL = "-Onone";
			};
			name = Debug;
		};
		0AB781012FA71FA000A32029 /* Release */ = {
			isa = XCBuildConfiguration;
			buildSettings = {
				ALWAYS_SEARCH_USER_PATHS = NO;
				ASSETCATALOG_COMPILER_GENERATE_SWIFT_ASSET_SYMBOL_EXTENSIONS = YES;
				CLANG_ANALYZER_NONNULL = YES;
				CLANG_ANALYZER_NUMBER_OBJECT_CONVERSION = YES_AGGRESSIVE;
				CLANG_CXX_LANGUAGE_STANDARD = "gnu++20";
				CLANG_ENABLE_MODULES = YES;
				CLANG_ENABLE_OBJC_ARC = YES;
				CLANG_ENABLE_OBJC_WEAK = YES;
				CLANG_WARN_BLOCK_CAPTURE_AUTORELEASING = YES;
				CLANG_WARN_BOOL_CONVERSION = YES;
				CLANG_WARN_COMMA = YES;
				CLANG_WARN_CONSTANT_CONVERSION = YES;
				CLANG_WARN_DEPRECATED_OBJC_IMPLEMENTATIONS = YES;
				CLANG_WARN_DIRECT_OBJC_ISA_USAGE = YES_ERROR;
				CLANG_WARN_DOCUMENTATION_COMMENTS = YES;
				CLANG_WARN_EMPTY_BODY = YES;
				CLANG_WARN_ENUM_CONVERSION = YES;
				CLANG_WARN_INFINITE_RECURSION = YES;
				CLANG_WARN_INT_CONVERSION = YES;
				CLANG_WARN_NON_LITERAL_NULL_CONVERSION = YES;
				CLANG_WARN_OBJC_IMPLICIT_RETAIN_SELF = YES;
				CLANG_WARN_OBJC_LITERAL_CONVERSION = YES;
				CLANG_WARN_OBJC_ROOT_CLASS = YES_ERROR;
				CLANG_WARN_QUOTED_INCLUDE_IN_FRAMEWORK_HEADER = YES;
				CLANG_WARN_RANGE_LOOP_ANALYSIS = YES;
				CLANG_WARN_STRICT_PROTOTYPES = YES;
				CLANG_WARN_SUSPICIOUS_MOVE = YES;
				CLANG_WARN_UNGUARDED_AVAILABILITY = YES_AGGRESSIVE;
				CLANG_WARN_UNREACHABLE_CODE = YES;
				CLANG_WARN__DUPLICATE_METHOD_MATCH = YES;
				COPY_PHASE_STRIP = NO;
				DEBUG_INFORMATION_FORMAT = "dwarf-with-dsym";
				ENABLE_NS_ASSERTIONS = NO;
				ENABLE_STRICT_OBJC_MSGSEND = YES;
				ENABLE_USER_SCRIPT_SANDBOXING = YES;
				GCC_C_LANGUAGE_STANDARD = gnu17;
				GCC_NO_COMMON_BLOCKS = YES;
				GCC_WARN_64_TO_32_BIT_CONVERSION = YES;
				GCC_WARN_ABOUT_RETURN_TYPE = YES_ERROR;
				GCC_WARN_UNDECLARED_SELECTOR = YES;
				GCC_WARN_UNINITIALIZED_AUTOS = YES_AGGRESSIVE;
				GCC_WARN_UNUSED_FUNCTION = YES;
				GCC_WARN_UNUSED_VARIABLE = YES;
				LOCALIZATION_PREFERS_STRING_CATALOGS = YES;
				MACOSX_DEPLOYMENT_TARGET = 26.2;
				MTL_ENABLE_DEBUG_INFO = NO;
				MTL_FAST_MATH = YES;
				SDKROOT = macosx;
				SWIFT_COMPILATION_MODE = wholemodule;
			};
			name = Release;
		};
		0AB781032FA71FA000A32029 /* Debug */ = {
			isa = XCBuildConfiguration;
			buildSettings = {
				ASSETCATALOG_COMPILER_APPICON_NAME = AppIcon;
				ASSETCATALOG_COMPILER_GLOBAL_ACCENT_COLOR_NAME = AccentColor;
				CODE_SIGN_STYLE = Automatic;
				COMBINE_HIDPI_IMAGES = YES;
				CURRENT_PROJECT_VERSION = 1;
				ENABLE_APP_SANDBOX = YES;
				ENABLE_PREVIEWS = YES;
				ENABLE_USER_SELECTED_FILES = readonly;
				GENERATE_INFOPLIST_FILE = YES;
				INFOPLIST_KEY_NSHumanReadableCopyright = "";
				LD_RUNPATH_SEARCH_PATHS = (
					"$(inherited)",
					"@executable_path/../Frameworks",
				);
				MARKETING_VERSION = 1.0;
				PRODUCT_BUNDLE_IDENTIFIER = cgkojo.com.VoiceClicker;
				PRODUCT_NAME = "$(TARGET_NAME)";
				REGISTER_APP_GROUPS = YES;
				STRING_CATALOG_GENERATE_SYMBOLS = YES;
				SWIFT_APPROACHABLE_CONCURRENCY = YES;
				SWIFT_DEFAULT_ACTOR_ISOLATION = MainActor;
				SWIFT_EMIT_LOC_STRINGS = YES;
				SWIFT_UPCOMING_FEATURE_MEMBER_IMPORT_VISIBILITY = YES;
				SWIFT_VERSION = 5.0;
			};
			name = Debug;
		};
		0AB781042FA71FA000A32029 /* Release */ = {
			isa = XCBuildConfiguration;
			buildSettings = {
				ASSETCATALOG_COMPILER_APPICON_NAME = AppIcon;
				ASSETCATALOG_COMPILER_GLOBAL_ACCENT_COLOR_NAME = AccentColor;
				CODE_SIGN_STYLE = Automatic;
				COMBINE_HIDPI_IMAGES = YES;
				CURRENT_PROJECT_VERSION = 1;
				ENABLE_APP_SANDBOX = YES;
				ENABLE_PREVIEWS = YES;
				ENABLE_USER_SELECTED_FILES = readonly;
				GENERATE_INFOPLIST_FILE = YES;
				INFOPLIST_KEY_NSHumanReadableCopyright = "";
				LD_RUNPATH_SEARCH_PATHS = (
					"$(inherited)",
					"@executable_path/../Frameworks",
				);
				MARKETING_VERSION = 1.0;
				PRODUCT_BUNDLE_IDENTIFIER = cgkojo.com.VoiceClicker;
				PRODUCT_NAME = "$(TARGET_NAME)";
				REGISTER_APP_GROUPS = YES;
				STRING_CATALOG_GENERATE_SYMBOLS = YES;
				SWIFT_APPROACHABLE_CONCURRENCY = YES;
				SWIFT_DEFAULT_ACTOR_ISOLATION = MainActor;
				SWIFT_EMIT_LOC_STRINGS = YES;
				SWIFT_UPCOMING_FEATURE_MEMBER_IMPORT_VISIBILITY = YES;
				SWIFT_VERSION = 5.0;
			};
			name = Release;
		};
		0AB781062FA71FA000A32029 /* Debug */ = {
			isa = XCBuildConfiguration;
			buildSettings = {
				BUNDLE_LOADER = "$(TEST_HOST)";
				CODE_SIGN_STYLE = Automatic;
				CURRENT_PROJECT_VERSION = 1;
				GENERATE_INFOPLIST_FILE = YES;
				MACOSX_DEPLOYMENT_TARGET = 26.2;
				MARKETING_VERSION = 1.0;
				PRODUCT_BUNDLE_IDENTIFIER = cgkojo.com.VoiceClickerTests;
				PRODUCT_NAME = "$(TARGET_NAME)";
				STRING_CATALOG_GENERATE_SYMBOLS = NO;
				SWIFT_APPROACHABLE_CONCURRENCY = YES;
				SWIFT_EMIT_LOC_STRINGS = NO;
				SWIFT_UPCOMING_FEATURE_MEMBER_IMPORT_VISIBILITY = YES;
				SWIFT_VERSION = 5.0;
				TEST_HOST = "$(BUILT_PRODUCTS_DIR)/VoiceClicker.app/$(BUNDLE_EXECUTABLE_FOLDER_PATH)/VoiceClicker";
			};
			name = Debug;
		};
		0AB781072FA71FA000A32029 /* Release */ = {
			isa = XCBuildConfiguration;
			buildSettings = {
				BUNDLE_LOADER = "$(TEST_HOST)";
				CODE_SIGN_STYLE = Automatic;
				CURRENT_PROJECT_VERSION = 1;
				GENERATE_INFOPLIST_FILE = YES;
				MACOSX_DEPLOYMENT_TARGET = 26.2;
				MARKETING_VERSION = 1.0;
				PRODUCT_BUNDLE_IDENTIFIER = cgkojo.com.VoiceClickerTests;
				PRODUCT_NAME = "$(TARGET_NAME)";
				STRING_CATALOG_GENERATE_SYMBOLS = NO;
				SWIFT_APPROACHABLE_CONCURRENCY = YES;
				SWIFT_EMIT_LOC_STRINGS = NO;
				SWIFT_UPCOMING_FEATURE_MEMBER_IMPORT_VISIBILITY = YES;
				SWIFT_VERSION = 5.0;
				TEST_HOST = "$(BUILT_PRODUCTS_DIR)/VoiceClicker.app/$(BUNDLE_EXECUTABLE_FOLDER_PATH)/VoiceClicker";
			};
			name = Release;
		};
		0AB781092FA71FA000A32029 /* Debug */ = {
			isa = XCBuildConfiguration;
			buildSettings = {
				CODE_SIGN_STYLE = Automatic;
				CURRENT_PROJECT_VERSION = 1;
				GENERATE_INFOPLIST_FILE = YES;
				MARKETING_VERSION = 1.0;
				PRODUCT_BUNDLE_IDENTIFIER = cgkojo.com.VoiceClickerUITests;
				PRODUCT_NAME = "$(TARGET_NAME)";
				STRING_CATALOG_GENERATE_SYMBOLS = NO;
				SWIFT_APPROACHABLE_CONCURRENCY = YES;
				SWIFT_EMIT_LOC_STRINGS = NO;
				SWIFT_UPCOMING_FEATURE_MEMBER_IMPORT_VISIBILITY = YES;
				SWIFT_VERSION = 5.0;
				TEST_TARGET_NAME = VoiceClicker;
			};
			name = Debug;
		};
		0AB7810A2FA71FA000A32029 /* Release */ = {
			isa = XCBuildConfiguration;
			buildSettings = {
				CODE_SIGN_STYLE = Automatic;
				CURRENT_PROJECT_VERSION = 1;
				GENERATE_INFOPLIST_FILE = YES;
				MARKETING_VERSION = 1.0;
				PRODUCT_BUNDLE_IDENTIFIER = cgkojo.com.VoiceClickerUITests;
				PRODUCT_NAME = "$(TARGET_NAME)";
				STRING_CATALOG_GENERATE_SYMBOLS = NO;
				SWIFT_APPROACHABLE_CONCURRENCY = YES;
				SWIFT_EMIT_LOC_STRINGS = NO;
				SWIFT_UPCOMING_FEATURE_MEMBER_IMPORT_VISIBILITY = YES;
				SWIFT_VERSION = 5.0;
				TEST_TARGET_NAME = VoiceClicker;
			};
			name = Release;
		};
/* End XCBuildConfiguration section */

/* Begin XCConfigurationList section */
		0AB780DC2FA71F9F00A32029 /* Build configuration list for PBXProject "VoiceClicker" */ = {
			isa = XCConfigurationList;
			buildConfigurations = (
				0AB781002FA71FA000A32029 /* Debug */,
				0AB781012FA71FA000A32029 /* Release */,
			);
			defaultConfigurationIsVisible = 0;
			defaultConfigurationName = Release;
		};
		0AB781022FA71FA000A32029 /* Build configuration list for PBXNativeTarget "VoiceClicker" */ = {
			isa = XCConfigurationList;
			buildConfigurations = (
				0AB781032FA71FA000A32029 /* Debug */,
				0AB781042FA71FA000A32029 /* Release */,
			);
			defaultConfigurationIsVisible = 0;
			defaultConfigurationName = Release;
		};
		0AB781052FA71FA000A32029 /* Build configuration list for PBXNativeTarget "VoiceClickerTests" */ = {
			isa = XCConfigurationList;
			buildConfigurations = (
				0AB781062FA71FA000A32029 /* Debug */,
				0AB781072FA71FA000A32029 /* Release */,
			);
			defaultConfigurationIsVisible = 0;
			defaultConfigurationName = Release;
		};
		0AB781082FA71FA000A32029 /* Build configuration list for PBXNativeTarget "VoiceClickerUITests" */ = {
			isa = XCConfigurationList;
			buildConfigurations = (
				0AB781092FA71FA000A32029 /* Debug */,
				0AB7810A2FA71FA000A32029 /* Release */,
			);
			defaultConfigurationIsVisible = 0;
			defaultConfigurationName = Release;
		};
/* End XCConfigurationList section */
	};
	rootObject = 0AB780D92FA71F9F00A32029 /* Project object */;
}
